PODS:
  - AFNetworking (2.6.0):
    - AFNetworking/NSURLConnection (= 2.6.0)
    - AFNetworking/NSURLSession (= 2.6.0)
    - AFNetworking/Reachability (= 2.6.0)
    - AFNetworking/Security (= 2.6.0)
    - AFNetworking/Serialization (= 2.6.0)
    - AFNetworking/UIKit (= 2.6.0)
  - AFNetworking/NSURLConnection (2.6.0):
    - AFNetworking/Reachability
    - AFNetworking/Security
    - AFNetworking/Serialization
  - AFNetworking/NSURLSession (2.6.0):
    - AFNetworking/Reachability
    - AFNetworking/Security
    - AFNetworking/Serialization
  - AFNetworking/Reachability (2.6.0)
  - AFNetworking/Security (2.6.0)
  - AFNetworking/Serialization (2.6.0)
  - AFNetworking/UIKit (2.6.0):
    - AFNetworking/NSURLConnection
    - AFNetworking/NSURLSession
  - POSInputStreamLibrary (2.3.0)

DEPENDENCIES:
  - AFNetworking (~> 2.6.0)
  - POSInputStreamLibrary (from `https://github.com/bancek/POSInputStreamLibrary.git`)

EXTERNAL SOURCES:
  POSInputStreamLibrary:
    :git: https://github.com/bancek/POSInputStreamLibrary.git

CHECKOUT OPTIONS:
  POSInputStreamLibrary:
    :commit: 7e7348e967021d9779377d16ba275d26449370aa
    :git: https://github.com/bancek/POSInputStreamLibrary.git

SPEC CHECKSUMS:
  AFNetworking: 79f7eb1a0fcfa7beb409332b2ca49afe9ce53b05
  POSInputStreamLibrary: 5aca4ecebb759bf4fb71bdd9a8da377f3c3beba5

COCOAPODS: 0.38.2
